
Microsoft Visual Studio Solution File, Format Version 12.00
# Visual Studio 14
VisualStudioVersion = 14.0.25420.1
MinimumVisualStudioVersion = 10.0.40219.1
Project("{FAE04EC0-301F-11D3-BF4B-00C04F79EFBC}") = "KA3005P.UI", "KA3005P.UI\KA3005P.UI.csproj", "{46F5FB51-A88F-4D2F-83C4-4BF727E26118}"
	ProjectSection(ProjectDependencies) = postProject
		{977CB117-99BA-40C5-9848-38AA45CB22B3} = {977CB117-99BA-40C5-9848-38AA45CB22B3}
	EndProjectSection
EndProject
Project("{FAE04EC0-301F-11D3-BF4B-00C04F79EFBC}") = "KA3005P.Proxy", "KA3005P.Proxy\KA3005P.Proxy.csproj", "{977CB117-99BA-40C5-9848-38AA45CB22B3}"
EndProject
Project("{FAE04EC0-301F-11D3-BF4B-00C04F79EFBC}") = "KA3005P.Test", "KA3005P.Test\KA3005P.Test.csproj", "{510FEB51-7741-44CC-80AC-1CB33F7E2C82}"
	ProjectSection(ProjectDependencies) = postProject
		{977CB117-99BA-40C5-9848-38AA45CB22B3} = {977CB117-99BA-40C5-9848-38AA45CB22B3}
		{46F5FB51-A88F-4D2F-83C4-4BF727E26118} = {46F5FB51-A88F-4D2F-83C4-4BF727E26118}
	EndProjectSection
EndProject
Project("{2150E333-8FDC-42A3-9474-1A3956D46DE8}") = "Solution Items", "Solution Items", "{F9F0C8E4-0428-4663-8D1B-364C38949AE9}"
	ProjectSection(SolutionItems) = preProject
		SharedAssemblyInfo.cs = SharedAssemblyInfo.cs
	EndProjectSection
EndProject
Global
	GlobalSection(SolutionConfigurationPlatforms) = preSolution
		Debug|Any CPU = Debug|Any CPU
		Release|Any CPU = Release|Any CPU
	EndGlobalSection
	GlobalSection(ProjectConfigurationPlatforms) = postSolution
		{46F5FB51-A88F-4D2F-83C4-4BF727E26118}.Debug|Any CPU.ActiveCfg = Debug|Any CPU
		{46F5FB51-A88F-4D2F-83C4-4BF727E26118}.Debug|Any CPU.Build.0 = Debug|Any CPU
		{46F5FB51-A88F-4D2F-83C4-4BF727E26118}.Release|Any CPU.ActiveCfg = Release|Any CPU
		{46F5FB51-A88F-4D2F-83C4-4BF727E26118}.Release|Any CPU.Build.0 = Release|Any CPU
		{977CB117-99BA-40C5-9848-38AA45CB22B3}.Debug|Any CPU.ActiveCfg = Debug|Any CPU
		{977CB117-99BA-40C5-9848-38AA45CB22B3}.Debug|Any CPU.Build.0 = Debug|Any CPU
		{977CB117-99BA-40C5-9848-38AA45CB22B3}.Release|Any CPU.ActiveCfg = Release|Any CPU
		{977CB117-99BA-40C5-9848-38AA45CB22B3}.Release|Any CPU.Build.0 = Release|Any CPU
		{510FEB51-7741-44CC-80AC-1CB33F7E2C82}.Debug|Any CPU.ActiveCfg = Debug|Any CPU
		{510FEB51-7741-44CC-80AC-1CB33F7E2C82}.Debug|Any CPU.Build.0 = Debug|Any CPU
		{510FEB51-7741-44CC-80AC-1CB33F7E2C82}.Release|Any CPU.ActiveCfg = Release|Any CPU
		{510FEB51-7741-44CC-80AC-1CB33F7E2C82}.Release|Any CPU.Build.0 = Release|Any CPU
	EndGlobalSection
	GlobalSection(SolutionProperties) = preSolution
		HideSolutionNode = FALSE
	EndGlobalSection
EndGlobal
